
Microsoft Visual Studio Solution File, Format Version 12.00
# Visual Studio Version 17
VisualStudioVersion = 17.3.32901.215
MinimumVisualStudioVersion = 10.0.40219.1
Project("{9A19103F-16F7-4668-BE54-9A1E7A4F7556}") = "Pdf2xNet", "Pdf2xNet\Pdf2xNet.csproj", "{1FD697D8-F079-4472-988C-AAA45D9AD412}"
EndProject
Global
	GlobalSection(SolutionConfigurationPlatforms) = preSolution
		Debug|Any CPU = Debug|Any CPU
		Release|Any CPU = Release|Any CPU
	EndGlobalSection
	GlobalSection(ProjectConfigurationPlatforms) = postSolution
		{1FD697D8-F079-4472-988C-AAA45D9AD412}.Debug|Any CPU.ActiveCfg = Debug|Any CPU
		{1FD697D8-F079-4472-988C-AAA45D9AD412}.Debug|Any CPU.Build.0 = Debug|Any CPU
		{1FD697D8-F079-4472-988C-AAA45D9AD412}.Release|Any CPU.ActiveCfg = Release|Any CPU
		{1FD697D8-F079-4472-988C-AAA45D9AD412}.Release|Any CPU.Build.0 = Release|Any CPU
	EndGlobalSection
	GlobalSection(SolutionProperties) = preSolution
		HideSolutionNode = FALSE
	EndGlobalSection
	GlobalSection(ExtensibilityGlobals) = postSolution
		SolutionGuid = {0FEC1999-CDFE-4B8E-9424-BE59E32E591F}
	EndGlobalSection
EndGlobal
